
Microsoft Visual Studio Solution File, Format Version 12.00
# Visual Studio Version 16
VisualStudioVersion = 16.0.30611.23
MinimumVisualStudioVersion = 10.0.40219.1
Project("{FAE04EC0-301F-11D3-BF4B-00C04F79EFBC}") = "UPA_projekt", "UPA_projekt\UPA_projekt.csproj", "{5AAC1CF4-08FC-4E43-B455-10D1FEB2DCD6}"
EndProject
Global
	GlobalSection(SolutionConfigurationPlatforms) = preSolution
		Debug|Any CPU = Debug|Any CPU
		Release|Any CPU = Release|Any CPU
	EndGlobalSection
	GlobalSection(ProjectConfigurationPlatforms) = postSolution
		{5AAC1CF4-08FC-4E43-B455-10D1FEB2DCD6}.Debug|Any CPU.ActiveCfg = Debug|Any CPU
		{5AAC1CF4-08FC-4E43-B455-10D1FEB2DCD6}.Debug|Any CPU.Build.0 = Debug|Any CPU
		{5AAC1CF4-08FC-4E43-B455-10D1FEB2DCD6}.Release|Any CPU.ActiveCfg = Release|Any CPU
		{5AAC1CF4-08FC-4E43-B455-10D1FEB2DCD6}.Release|Any CPU.Build.0 = Release|Any CPU
	EndGlobalSection
	GlobalSection(SolutionProperties) = preSolution
		HideSolutionNode = FALSE
	EndGlobalSection
	GlobalSection(ExtensibilityGlobals) = postSolution
		SolutionGuid = {AE4A3789-DDED-422F-95AF-9EACAA124542}
	EndGlobalSection
EndGlobal
